# This file was autogenerated by uv via the following command:
#    uv pip compile pyproject.toml --extra dev --python-version 3.11 --python-platform x86_64-unknown-linux-gnu -o requirements-dev.lock
absl-py==2.5.0
    # via mediapipe
annotated-types==0.8.0
    # via pydantic
ast-serialize==0.11.2
    # via mypy
blinker==1.9.0
    # via flask
certifi==2026.7.22
    # via mediapipe
cffi==2.1.1
    # via sounddevice
click==8.5.0
    # via flask
contourpy==1.3.3
    # via matplotlib
cuda-bindings==13.4.3
    # via torch
cuda-pathfinder==1.8.2
    # via cuda-bindings
cuda-toolkit==13.0.3.0
    # via torch
cycler==0.12.1
    # via matplotlib
filelock==4.0.6
    # via torch
flask==3.1.3
    # via swingml (pyproject.toml)
flatbuffers==25.12.19
    # via mediapipe
fonttools==4.66.0
    # via matplotlib
fsspec==2026.9.0
    # via torch
iniconfig==2.3.0
    # via pytest
itsdangerous==2.2.0
    # via flask
jinja2==3.1.6
    # via
    #   flask
    #   torch
kiwisolver==1.5.1
    # via matplotlib
librt==0.16.0
    # via mypy
markupsafe==3.0.3
    # via
    #   flask
    #   jinja2
    #   werkzeug
matplotlib==3.11.2
    # via
    #   swingml (pyproject.toml)
    #   mediapipe
mediapipe==1.0.1
    # via swingml (pyproject.toml)
mpmath==1.3.0
    # via sympy
mypy==2.3.1
    # via swingml (pyproject.toml)
mypy-extensions==1.1.0
    # via mypy
networkx==3.6.1
    # via torch
numpy==2.4.6
    # via
    #   swingml (pyproject.toml)
    #   contourpy
    #   matplotlib
    #   mediapipe
    #   opencv-contrib-python
    #   opencv-python-headless
    #   scipy
nvidia-cublas==13.1.1.3
    # via
    #   cuda-toolkit
    #   nvidia-cudnn-cu13
    #   nvidia-cusolver
nvidia-cuda-cupti==13.0.85
    # via cuda-toolkit
nvidia-cuda-nvrtc==13.0.88
    # via
    #   cuda-toolkit
    #   nvidia-cublas
nvidia-cuda-runtime==13.0.96
    # via cuda-toolkit
nvidia-cudnn-cu13==9.24.0.43
    # via torch
nvidia-cufft==12.0.0.61
    # via cuda-toolkit
nvidia-cufile==1.15.1.6
    # via cuda-toolkit
nvidia-curand==10.4.0.35
    # via cuda-toolkit
nvidia-cusolver==12.0.4.66
    # via cuda-toolkit
nvidia-cusparse==12.6.3.3
    # via
    #   cuda-toolkit
    #   nvidia-cusolver
nvidia-cusparselt-cu13==0.8.1
    # via torch
nvidia-nccl-cu13==2.30.7
    # via torch
nvidia-nvjitlink==13.4.92
    # via
    #   cuda-toolkit
    #   nvidia-cufft
    #   nvidia-cusolver
    #   nvidia-cusparse
nvidia-nvshmem-cu13==3.4.5
    # via torch
nvidia-nvtx==13.0.85
    # via cuda-toolkit
opencv-contrib-python==5.0.0.93
    # via mediapipe
opencv-python-headless==5.0.0.93
    # via swingml (pyproject.toml)
packaging==26.3
    # via
    #   matplotlib
    #   pytest
pathspec==1.1.1
    # via mypy
pillow==12.3.0
    # via matplotlib
pluggy==1.6.0
    # via pytest
pycparser==3.0
    # via cffi
pydantic==2.13.5
    # via swingml (pyproject.toml)
pydantic-core==2.46.5
    # via pydantic
pygments==2.21.0
    # via pytest
pyparsing==3.3.3
    # via matplotlib
pytest==9.1.1
    # via swingml (pyproject.toml)
python-dateutil==2.9.0.post0
    # via matplotlib
ruff==0.16.9
    # via swingml (pyproject.toml)
scipy==1.17.1
    # via swingml (pyproject.toml)
setuptools==84.0.0
    # via torch
six==1.17.0
    # via python-dateutil
sounddevice==0.5.6
    # via mediapipe
sympy==1.14.0
    # via torch
torch==2.14.0
    # via swingml (pyproject.toml)
triton==3.8.0
    # via torch
typing-extensions==4.16.0
    # via
    #   mypy
    #   pydantic
    #   pydantic-core
    #   torch
    #   typing-inspection
typing-inspection==0.4.4
    # via pydantic
werkzeug==3.1.9
    # via flask
